
Microsoft Visual Studio Solution File, Format Version 12.00
# Visual Studio Version 17
VisualStudioVersion = 17.12.35514.174
MinimumVisualStudioVersion = 10.0.40219.1
Project("{2150E333-8FDC-42A3-9474-1A3956D46DE8}") = "src", "src", "{6298FC65-EFDC-4629-A346-25F2F8DA73CA}"
EndProject
Project("{2150E333-8FDC-42A3-9474-1A3956D46DE8}") = "mdw", "mdw", "{610BB721-68F0-42D9-A231-608040132B00}"
EndProject
Project("{FAE04EC0-301F-11D3-BF4B-00C04F79EFBC}") = "Web.Mdw", "src\Web.Mdw\Web.Mdw.csproj", "{3D3C52F9-147B-49AD-A4DD-A4452F4B444B}"
EndProject
Global
	GlobalSection(SolutionConfigurationPlatforms) = preSolution
		Debug|Any CPU = Debug|Any CPU
		Release|Any CPU = Release|Any CPU
	EndGlobalSection
	GlobalSection(ProjectConfigurationPlatforms) = postSolution
		{3D3C52F9-147B-49AD-A4DD-A4452F4B444B}.Debug|Any CPU.ActiveCfg = Debug|Any CPU
		{3D3C52F9-147B-49AD-A4DD-A4452F4B444B}.Debug|Any CPU.Build.0 = Debug|Any CPU
		{3D3C52F9-147B-49AD-A4DD-A4452F4B444B}.Release|Any CPU.ActiveCfg = Release|Any CPU
		{3D3C52F9-147B-49AD-A4DD-A4452F4B444B}.Release|Any CPU.Build.0 = Release|Any CPU
	EndGlobalSection
	GlobalSection(SolutionProperties) = preSolution
		HideSolutionNode = FALSE
	EndGlobalSection
	GlobalSection(NestedProjects) = preSolution
		{610BB721-68F0-42D9-A231-608040132B00} = {6298FC65-EFDC-4629-A346-25F2F8DA73CA}
		{3D3C52F9-147B-49AD-A4DD-A4452F4B444B} = {610BB721-68F0-42D9-A231-608040132B00}
	EndGlobalSection
EndGlobal
